
Microsoft Visual Studio Solution File, Format Version 12.00
# Visual Studio Version 17
VisualStudioVersion = 17.3.32922.545
MinimumVisualStudioVersion = 10.0.40219.1
Project("{9A19103F-16F7-4668-BE54-9A1E7A4F7556}") = "TestingProject1", "TestingProject1\TestingProject1.csproj", "{CF35FFEB-613D-414F-930D-1AA67B7D0F9F}"
EndProject
Project("{9A19103F-16F7-4668-BE54-9A1E7A4F7556}") = "TestProject1.Tests", "TestProject1.Tests\TestProject1.Tests.csproj", "{50587079-5F7A-485C-8890-D50CA0263DBF}"
EndProject
Global
	GlobalSection(SolutionConfigurationPlatforms) = preSolution
		Debug|Any CPU = Debug|Any CPU
		Release|Any CPU = Release|Any CPU
	EndGlobalSection
	GlobalSection(ProjectConfigurationPlatforms) = postSolution
		{CF35FFEB-613D-414F-930D-1AA67B7D0F9F}.Debug|Any CPU.ActiveCfg = Debug|Any CPU
		{CF35FFEB-613D-414F-930D-1AA67B7D0F9F}.Debug|Any CPU.Build.0 = Debug|Any CPU
		{CF35FFEB-613D-414F-930D-1AA67B7D0F9F}.Release|Any CPU.ActiveCfg = Release|Any CPU
		{CF35FFEB-613D-414F-930D-1AA67B7D0F9F}.Release|Any CPU.Build.0 = Release|Any CPU
		{50587079-5F7A-485C-8890-D50CA0263DBF}.Debug|Any CPU.ActiveCfg = Debug|Any CPU
		{50587079-5F7A-485C-8890-D50CA0263DBF}.Debug|Any CPU.Build.0 = Debug|Any CPU
		{50587079-5F7A-485C-8890-D50CA0263DBF}.Release|Any CPU.ActiveCfg = Release|Any CPU
		{50587079-5F7A-485C-8890-D50CA0263DBF}.Release|Any CPU.Build.0 = Release|Any CPU
	EndGlobalSection
	GlobalSection(SolutionProperties) = preSolution
		HideSolutionNode = FALSE
	EndGlobalSection
	GlobalSection(ExtensibilityGlobals) = postSolution
		SolutionGuid = {CDD25DD6-D1AC-4BB7-BEA8-D620DF89DEF0}
	EndGlobalSection
EndGlobal
